{
  "nodes": {
    "cmp-r": {
      "flake": false,
      "locked": {
        "lastModified": 1721144305,
        "narHash": "sha256-3h+7q/x5xST50b9MdjR+9JULTwgn6kAyyrL5qhCtta0=",
        "owner": "R-nvim",
        "repo": "cmp-r",
        "rev": "18b88eeb7e47996623b9aa0a763677ac00a16221",
        "type": "github"
      },
      "original": {
        "owner": "R-nvim",
        "repo": "cmp-r",
        "type": "github"
      }
    },
    "flake-parts": {
      "inputs": {
        "nixpkgs-lib": "nixpkgs-lib"
      },
      "locked": {
        "lastModified": 1717285511,
        "narHash": "sha256-iKzJcpdXih14qYVcZ9QC9XuZYnPc6T8YImb6dX166kw=",
        "owner": "hercules-ci",
        "repo": "flake-parts",
        "rev": "2a55567fcf15b1b1c7ed712a2c6fadaec7412ea8",
        "type": "github"
      },
      "original": {
        "owner": "hercules-ci",
        "repo": "flake-parts",
        "type": "github"
      }
    },
    "flake-utils": {
      "inputs": {
        "systems": "systems"
      },
      "locked": {
        "lastModified": 1710146030,
        "narHash": "sha256-SZ5L6eA7HJ/nmkzGG7/ISclqe6oZdOZTNoesiInkXPQ=",
        "owner": "numtide",
        "repo": "flake-utils",
        "rev": "b1d9ab70662946ef0850d488da1c9019f3a9752a",
        "type": "github"
      },
      "original": {
        "owner": "numtide",
        "repo": "flake-utils",
        "type": "github"
      }
    },
    "gen-luarc": {
      "inputs": {
        "flake-parts": "flake-parts",
        "nixpkgs": "nixpkgs"
      },
      "locked": {
        "lastModified": 1718922730,
        "narHash": "sha256-ykhhOPqA9NzdNBr3ii+3h2DkK2+wasNqQLfMF6BXxTE=",
        "owner": "mrcjkb",
        "repo": "nix-gen-luarc-json",
        "rev": "021e8078e43884c6cdc70ca753d9a0b146cd55a4",
        "type": "github"
      },
      "original": {
        "owner": "mrcjkb",
        "repo": "nix-gen-luarc-json",
        "type": "github"
      }
    },
    "harpoon2": {
      "flake": false,
      "locked": {
        "lastModified": 1712688075,
        "narHash": "sha256-FZQH38E02HuRPIPAog/nWM55FuBxKp8AyrEldFkoLYk=",
        "owner": "ThePrimeagen",
        "repo": "harpoon",
        "rev": "0378a6c428a0bed6a2781d459d7943843f374bce",
        "type": "github"
      },
      "original": {
        "owner": "ThePrimeagen",
        "ref": "harpoon2",
        "repo": "harpoon",
        "type": "github"
      }
    },
    "nixpkgs": {
      "locked": {
        "lastModified": 1718714799,
        "narHash": "sha256-FUZpz9rg3gL8NVPKbqU8ei1VkPLsTIfAJ2fdAf5qjak=",
        "owner": "nixos",
        "repo": "nixpkgs",
        "rev": "c00d587b1a1afbf200b1d8f0b0e4ba9deb1c7f0e",
        "type": "github"
      },
      "original": {
        "owner": "nixos",
        "ref": "nixos-unstable",
        "repo": "nixpkgs",
        "type": "github"
      }
    },
    "nixpkgs-lib": {
      "locked": {
        "lastModified": 1717284937,
        "narHash": "sha256-lIbdfCsf8LMFloheeE6N31+BMIeixqyQWbSr2vk79EQ=",
        "type": "tarball",
        "url": "https://github.com/NixOS/nixpkgs/archive/eb9ceca17df2ea50a250b6b27f7bf6ab0186f198.tar.gz"
      },
      "original": {
        "type": "tarball",
        "url": "https://github.com/NixOS/nixpkgs/archive/eb9ceca17df2ea50a250b6b27f7bf6ab0186f198.tar.gz"
      }
    },
    "nixpkgs_2": {
      "locked": {
        "lastModified": 1721562059,
        "narHash": "sha256-Tybxt65eyOARf285hMHIJ2uul8SULjFZbT9ZaEeUnP8=",
        "owner": "NixOS",
        "repo": "nixpkgs",
        "rev": "68c9ed8bbed9dfce253cc91560bf9043297ef2fe",
        "type": "github"
      },
      "original": {
        "owner": "NixOS",
        "ref": "nixos-unstable",
        "repo": "nixpkgs",
        "type": "github"
      }
    },
    "obsidian-bridge": {
      "flake": false,
      "locked": {
        "lastModified": 1718297529,
        "narHash": "sha256-Phm4/Qjl7ebga7ViBz1K9In/favCBJPjsa/XU5U0J84=",
        "owner": "oflisback",
        "repo": "obsidian-bridge.nvim",
        "rev": "ad05b2ecdf0d22a3a9387ae4684acd208695d466",
        "type": "github"
      },
      "original": {
        "owner": "oflisback",
        "repo": "obsidian-bridge.nvim",
        "type": "github"
      }
    },
    "rnvim": {
      "flake": false,
      "locked": {
        "lastModified": 1722076047,
        "narHash": "sha256-op8zEpJSyhiptfYOg4t2CLSMRq6+/W1ifII4l/sczjU=",
        "owner": "R-nvim",
        "repo": "R.nvim",
        "rev": "6bbd927ce8c799e9de087a2c28a6b7d869fc2e4e",
        "type": "github"
      },
      "original": {
        "owner": "R-nvim",
        "repo": "R.nvim",
        "type": "github"
      }
    },
    "root": {
      "inputs": {
        "cmp-r": "cmp-r",
        "flake-utils": "flake-utils",
        "gen-luarc": "gen-luarc",
        "harpoon2": "harpoon2",
        "nixpkgs": "nixpkgs_2",
        "obsidian-bridge": "obsidian-bridge",
        "rnvim": "rnvim"
      }
    },
    "systems": {
      "locked": {
        "lastModified": 1681028828,
        "narHash": "sha256-Vy1rq5AaRuLzOxct8nz4T6wlgyUR7zLU309k9mBC768=",
        "owner": "nix-systems",
        "repo": "default",
        "rev": "da67096a3b9bf56a91d16901293e51ba5b49a27e",
        "type": "github"
      },
      "original": {
        "owner": "nix-systems",
        "repo": "default",
        "type": "github"
      }
    }
  },
  "root": "root",
  "version": 7
}
